
Microsoft Visual Studio Solution File, Format Version 12.00
Project("{FAE04EC0-301F-11D3-BF4B-00C04F79EFBC}") = "HrManagementSystem.Web", "src/HrManagementSystem.Web/HrManagementSystem.Web.csproj", "{AE6E5877-D726-4030-80BF-1600CE563B76}"
EndProject
Project("{FAE04EC0-301F-11D3-BF4B-00C04F79EFBC}") = "HrManagementSystem.Web.Tests", "src\HrManagementSystem.Web.Tests\HrManagementSystem.Web.Tests.csproj", "{710592BC-E2BD-45E7-B434-C12CAA488D01}"
EndProject
Project("{FAE04EC0-301F-11D3-BF4B-00C04F79EFBC}") = "HrManagementSystem.Core", "src\HrManagementSystem.Core\HrManagementSystem.Core.csproj", "{D5BF439F-A06C-4946-9676-C2E353E77B20}"
EndProject
Global
	GlobalSection(SolutionConfigurationPlatforms) = preSolution
		Debug|Any CPU = Debug|Any CPU
		Release|Any CPU = Release|Any CPU
	EndGlobalSection
	GlobalSection(ProjectConfigurationPlatforms) = postSolution
		{AE6E5877-D726-4030-80BF-1600CE563B76}.Debug|Any CPU.ActiveCfg = Debug|Any CPU
		{AE6E5877-D726-4030-80BF-1600CE563B76}.Debug|Any CPU.Build.0 = Debug|Any CPU
		{AE6E5877-D726-4030-80BF-1600CE563B76}.Release|Any CPU.ActiveCfg = Release|Any CPU
		{AE6E5877-D726-4030-80BF-1600CE563B76}.Release|Any CPU.Build.0 = Release|Any CPU
		{710592BC-E2BD-45E7-B434-C12CAA488D01}.Debug|Any CPU.ActiveCfg = Debug|Any CPU
		{710592BC-E2BD-45E7-B434-C12CAA488D01}.Debug|Any CPU.Build.0 = Debug|Any CPU
		{710592BC-E2BD-45E7-B434-C12CAA488D01}.Release|Any CPU.ActiveCfg = Release|Any CPU
		{710592BC-E2BD-45E7-B434-C12CAA488D01}.Release|Any CPU.Build.0 = Release|Any CPU
		{D5BF439F-A06C-4946-9676-C2E353E77B20}.Debug|Any CPU.ActiveCfg = Debug|Any CPU
		{D5BF439F-A06C-4946-9676-C2E353E77B20}.Debug|Any CPU.Build.0 = Debug|Any CPU
		{D5BF439F-A06C-4946-9676-C2E353E77B20}.Release|Any CPU.ActiveCfg = Release|Any CPU
		{D5BF439F-A06C-4946-9676-C2E353E77B20}.Release|Any CPU.Build.0 = Release|Any CPU
	EndGlobalSection
EndGlobal
